
Microsoft Visual Studio Solution File, Format Version 12.00
# Visual Studio 15
VisualStudioVersion = 15.0.27428.2011
MinimumVisualStudioVersion = 10.0.40219.1
Project("{FAE04EC0-301F-11D3-BF4B-00C04F79EFBC}") = "WindowsFormsFace", "WindowsFormsFace\WindowsFormsFace.csproj", "{50755A86-64B5-4FB1-9877-A7155FF33C6F}"
EndProject
Project("{FAE04EC0-301F-11D3-BF4B-00C04F79EFBC}") = "DataSetCreater", "DataSetCreater\DataSetCreater.csproj", "{541FC527-71A3-4A4E-B221-E8D5AA567A0A}"
EndProject
Global
	GlobalSection(SolutionConfigurationPlatforms) = preSolution
		Debug|Any CPU = Debug|Any CPU
		Release|Any CPU = Release|Any CPU
	EndGlobalSection
	GlobalSection(ProjectConfigurationPlatforms) = postSolution
		{50755A86-64B5-4FB1-9877-A7155FF33C6F}.Debug|Any CPU.ActiveCfg = Debug|Any CPU
		{50755A86-64B5-4FB1-9877-A7155FF33C6F}.Debug|Any CPU.Build.0 = Debug|Any CPU
		{50755A86-64B5-4FB1-9877-A7155FF33C6F}.Release|Any CPU.ActiveCfg = Release|Any CPU
		{50755A86-64B5-4FB1-9877-A7155FF33C6F}.Release|Any CPU.Build.0 = Release|Any CPU
		{541FC527-71A3-4A4E-B221-E8D5AA567A0A}.Debug|Any CPU.ActiveCfg = Debug|Any CPU
		{541FC527-71A3-4A4E-B221-E8D5AA567A0A}.Debug|Any CPU.Build.0 = Debug|Any CPU
		{541FC527-71A3-4A4E-B221-E8D5AA567A0A}.Release|Any CPU.ActiveCfg = Release|Any CPU
		{541FC527-71A3-4A4E-B221-E8D5AA567A0A}.Release|Any CPU.Build.0 = Release|Any CPU
	EndGlobalSection
	GlobalSection(SolutionProperties) = preSolution
		HideSolutionNode = FALSE
	EndGlobalSection
	GlobalSection(ExtensibilityGlobals) = postSolution
		SolutionGuid = {6BC4A30E-0886-4C85-B7D0-CC21B371BE04}
	EndGlobalSection
EndGlobal
